<Solution>
  <Folder Name="/Solution Items/">
    <File Path="README.md" />
  </Folder>
  <Folder Name="/src/">
    <Project Path="src/Thiccdal.AI/Thiccdal.AI.csproj" />
    <Project Path="src/Thiccdal.API/Thiccdal.API.csproj" Id="49984546-143b-4e53-9164-172f20b1e224" />
    <Project Path="src/Thiccdal.Data/Thiccdal.Data.csproj" Id="50ba3a3e-0279-4a7f-8077-be723255c8e0" />
    <Project Path="src/Thiccdal.Infrastructure/Thiccdal.Infrastructure.csproj" Id="4f756cb2-ac68-4950-b39b-d3c73457c969" />
    <Project Path="src/Thiccdal/Thiccdal.csproj" />
  </Folder>
  <Folder Name="/src/Aspire/">
    <Project Path="src/Aspire/Thiccdal.Aspire.AppHost/Thiccdal.Aspire.AppHost.csproj" Id="5359ffb4-3b58-4930-bfe8-392d7a9dda42" />
    <Project Path="src/Aspire/Thiccdal.Aspire.ServiceDefaults/Thiccdal.Aspire.ServiceDefaults.csproj" Id="942be294-333d-48c9-8ded-aeb00427ebc2" />
  </Folder>
  <Folder Name="/src/Modules/">
    <Project Path="src/Modules/Thiccdal.Modules.ChatBot/Thiccdal.Modules.ChatBot.csproj" Id="f9d57576-08b6-4d5e-ac9d-ef98a9b969f4" />
    <Project Path="src/Modules/Thiccdal.Modules.Control/Thiccdal.Modules.Control.csproj" Id="26680999-25cc-43af-b4f7-c68c0bea53a9" />
    <Project Path="src/Modules/Thiccdal.Modules.Overlay/Thiccdal.Modules.Overlay.csproj" />
    <Project Path="src/Modules/Thiccdal.Modules.Teleprompter/Thiccdal.Modules.Teleprompter.csproj" Id="e84a2cd1-fa98-424e-8924-db324509d3a9" />
  </Folder>
  <Folder Name="/src/Remote/">
    <Project Path="src/Remote/Thiccdal.Remote.LMStudio/Thiccdal.Remote.LMStudio.csproj" />
    <Project Path="src/Remote/Thiccdal.Remote.Null/Thiccdal.Remote.Null.csproj" Id="6122ec03-595d-4ab3-bdc0-95e88cdf540b" />
    <Project Path="src/Remote/Thiccdal.Remote.Obs/Thiccdal.Remote.Obs.csproj" />
    <Project Path="src/Remote/Thiccdal.Remote.Twitch/Thiccdal.Remote.Twitch.csproj" Id="b784e543-ced0-4e0e-9ee8-fd351fb09c38" />
  </Folder>
  <Folder Name="/src/Shared/">
    <Project Path="src/Shared/Thiccdal.Shared.Components/Thiccdal.Shared.Components.csproj" />
  </Folder>
  <Folder Name="/src/Tests/">
    <Project Path="src/Tests/Thiccdal.AI.Tests/Thiccdal.AI.Tests.csproj" />
    <Project Path="src/Tests/Thiccdal.Data.Tests/Thiccdal.Data.Tests.csproj" Id="78ed2f01-f84c-40ee-80eb-72991ee0fe8f" />
    <Project Path="src/Tests/Thiccdal.Tests/Thiccdal.Tests.csproj" Id="b0ec0490-49f9-48c8-8ede-e33a57b212da" />
  </Folder>
  <Folder Name="/src/Tests/Modules/">
    <Project Path="src/Tests/Modules/Thiccdal.Modules.ChatBot.Tests/Thiccdal.Modules.ChatBot.Tests.csproj" />
    <Project Path="src/Tests/Modules/Thiccdal.Modules.Teleprompter.Tests/Thiccdal.Modules.Teleprompter.Tests.csproj" />
  </Folder>
  <Folder Name="/src/Tests/Remote/">
    <Project Path="src/Tests/Remote/Thiccdal.Remote.Obs.Tests/Thiccdal.Remote.Obs.Tests.csproj" />
    <Project Path="src/Tests/Remote/Thiccdal.Remote.Twitch.Tests/Thiccdal.Remote.Twitch.Tests.csproj" Id="34ac27cc-0c68-40db-937e-66539374ef8e" />
  </Folder>
  <Project Path="docs/docs.csproj" Id="4ee1e30f-b64c-4f8c-be08-dfe195c51340" />
</Solution>
